
Microsoft Visual Studio Solution File, Format Version 12.00
# Visual Studio 15
VisualStudioVersion = 15.0.28307.329
MinimumVisualStudioVersion = 10.0.40219.1
Project("{8BC9CEB8-8B4A-11D0-8D11-00A0C91BC942}") = "Tetris", "Tetris\Tetris.vcxproj", "{7A4EAA57-1CA4-46E0-BDF0-52AB7BF128E7}"
EndProject
Global
	GlobalSection(SolutionConfigurationPlatforms) = preSolution
		Debug|x64 = Debug|x64
		Debug|x86 = Debug|x86
		Release|x64 = Release|x64
		Release|x86 = Release|x86
	EndGlobalSection
	GlobalSection(ProjectConfigurationPlatforms) = postSolution
		{7A4EAA57-1CA4-46E0-BDF0-52AB7BF128E7}.Debug|x64.ActiveCfg = Debug|x64
		{7A4EAA57-1CA4-46E0-BDF0-52AB7BF128E7}.Debug|x64.Build.0 = Debug|x64
		{7A4EAA57-1CA4-46E0-BDF0-52AB7BF128E7}.Debug|x86.ActiveCfg = Debug|Win32
		{7A4EAA57-1CA4-46E0-BDF0-52AB7BF128E7}.Debug|x86.Build.0 = Debug|Win32
		{7A4EAA57-1CA4-46E0-BDF0-52AB7BF128E7}.Release|x64.ActiveCfg = Release|x64
		{7A4EAA57-1CA4-46E0-BDF0-52AB7BF128E7}.Release|x64.Build.0 = Release|x64
		{7A4EAA57-1CA4-46E0-BDF0-52AB7BF128E7}.Release|x86.ActiveCfg = Release|Win32
		{7A4EAA57-1CA4-46E0-BDF0-52AB7BF128E7}.Release|x86.Build.0 = Release|Win32
	EndGlobalSection
	GlobalSection(SolutionProperties) = preSolution
		HideSolutionNode = FALSE
	EndGlobalSection
	GlobalSection(ExtensibilityGlobals) = postSolution
		SolutionGuid = {75FBA954-E724-4CEF-AFF7-0D20FC07D992}
	EndGlobalSection
EndGlobal
